
Microsoft Visual Studio Solution File, Format Version 12.00
# Visual Studio Version 17
VisualStudioVersion = 17.10.35013.160
MinimumVisualStudioVersion = 10.0.40219.1
Project("{FAE04EC0-301F-11D3-BF4B-00C04F79EFBC}") = "Adapter Design Pattern Example", "Adapter Design Pattern Example\Adapter Design Pattern Example.csproj", "{F6C9D6F6-2C92-407F-B7BE-34168B19B44E}"
EndProject
Global
	GlobalSection(SolutionConfigurationPlatforms) = preSolution
		Debug|Any CPU = Debug|Any CPU
		Release|Any CPU = Release|Any CPU
	EndGlobalSection
	GlobalSection(ProjectConfigurationPlatforms) = postSolution
		{F6C9D6F6-2C92-407F-B7BE-34168B19B44E}.Debug|Any CPU.ActiveCfg = Debug|Any CPU
		{F6C9D6F6-2C92-407F-B7BE-34168B19B44E}.Debug|Any CPU.Build.0 = Debug|Any CPU
		{F6C9D6F6-2C92-407F-B7BE-34168B19B44E}.Release|Any CPU.ActiveCfg = Release|Any CPU
		{F6C9D6F6-2C92-407F-B7BE-34168B19B44E}.Release|Any CPU.Build.0 = Release|Any CPU
	EndGlobalSection
	GlobalSection(SolutionProperties) = preSolution
		HideSolutionNode = FALSE
	EndGlobalSection
	GlobalSection(ExtensibilityGlobals) = postSolution
		SolutionGuid = {B9524A38-38CB-46D2-AC27-63FC48682F77}
	EndGlobalSection
EndGlobal
